
Microsoft Visual Studio Solution File, Format Version 12.00
# Visual Studio 15
VisualStudioVersion = 15.0.27703.2035
MinimumVisualStudioVersion = 10.0.40219.1
Project("{FAE04EC0-301F-11D3-BF4B-00C04F79EFBC}") = "Drawing", "Drawing\Drawing.csproj", "{B83B9888-2CCF-41ED-A67B-54587A76D85B}"
EndProject
Global
	GlobalSection(SolutionConfigurationPlatforms) = preSolution
		Debug|Any CPU = Debug|Any CPU
		Release|Any CPU = Release|Any CPU
	EndGlobalSection
	GlobalSection(ProjectConfigurationPlatforms) = postSolution
		{B83B9888-2CCF-41ED-A67B-54587A76D85B}.Debug|Any CPU.ActiveCfg = Debug|Any CPU
		{B83B9888-2CCF-41ED-A67B-54587A76D85B}.Debug|Any CPU.Build.0 = Debug|Any CPU
		{B83B9888-2CCF-41ED-A67B-54587A76D85B}.Release|Any CPU.ActiveCfg = Release|Any CPU
		{B83B9888-2CCF-41ED-A67B-54587A76D85B}.Release|Any CPU.Build.0 = Release|Any CPU
	EndGlobalSection
	GlobalSection(SolutionProperties) = preSolution
		HideSolutionNode = FALSE
	EndGlobalSection
	GlobalSection(ExtensibilityGlobals) = postSolution
		SolutionGuid = {3532B3BE-3B28-4547-945E-5FC2FC03D77A}
	EndGlobalSection
EndGlobal
